
Microsoft Visual Studio Solution File, Format Version 12.00
# Visual Studio Version 17
VisualStudioVersion = 17.10.35027.167
MinimumVisualStudioVersion = 10.0.40219.1
Project("{FAE04EC0-301F-11D3-BF4B-00C04F79EFBC}") = "MiniGames", "MiniGames\MiniGames.csproj", "{4C703861-D4D5-461C-A023-7785DB0F18EA}"
EndProject
Project("{FAE04EC0-301F-11D3-BF4B-00C04F79EFBC}") = "TicTacToe", "TicTacToe\TicTacToe\TicTacToe.csproj", "{21526BBB-B4C2-4BA0-ABD9-D5A113D3D71B}"
EndProject
Project("{FAE04EC0-301F-11D3-BF4B-00C04F79EFBC}") = "Snake", "Snake\Snake\Snake.csproj", "{57001724-2F71-44D6-B6C7-74A0E10D6220}"
EndProject
Global
	GlobalSection(SolutionConfigurationPlatforms) = preSolution
		Debug|Any CPU = Debug|Any CPU
		Release|Any CPU = Release|Any CPU
	EndGlobalSection
	GlobalSection(ProjectConfigurationPlatforms) = postSolution
		{4C703861-D4D5-461C-A023-7785DB0F18EA}.Debug|Any CPU.ActiveCfg = Debug|Any CPU
		{4C703861-D4D5-461C-A023-7785DB0F18EA}.Debug|Any CPU.Build.0 = Debug|Any CPU
		{4C703861-D4D5-461C-A023-7785DB0F18EA}.Release|Any CPU.ActiveCfg = Release|Any CPU
		{4C703861-D4D5-461C-A023-7785DB0F18EA}.Release|Any CPU.Build.0 = Release|Any CPU
		{21526BBB-B4C2-4BA0-ABD9-D5A113D3D71B}.Debug|Any CPU.ActiveCfg = Debug|Any CPU
		{21526BBB-B4C2-4BA0-ABD9-D5A113D3D71B}.Debug|Any CPU.Build.0 = Debug|Any CPU
		{21526BBB-B4C2-4BA0-ABD9-D5A113D3D71B}.Release|Any CPU.ActiveCfg = Release|Any CPU
		{21526BBB-B4C2-4BA0-ABD9-D5A113D3D71B}.Release|Any CPU.Build.0 = Release|Any CPU
		{57001724-2F71-44D6-B6C7-74A0E10D6220}.Debug|Any CPU.ActiveCfg = Debug|Any CPU
		{57001724-2F71-44D6-B6C7-74A0E10D6220}.Debug|Any CPU.Build.0 = Debug|Any CPU
		{57001724-2F71-44D6-B6C7-74A0E10D6220}.Release|Any CPU.ActiveCfg = Release|Any CPU
		{57001724-2F71-44D6-B6C7-74A0E10D6220}.Release|Any CPU.Build.0 = Release|Any CPU
	EndGlobalSection
	GlobalSection(SolutionProperties) = preSolution
		HideSolutionNode = FALSE
	EndGlobalSection
	GlobalSection(ExtensibilityGlobals) = postSolution
		SolutionGuid = {EF092714-527D-4C44-8882-6DC43CEB0F42}
	EndGlobalSection
EndGlobal
