
Microsoft Visual Studio Solution File, Format Version 12.00
# Visual Studio Version 16
VisualStudioVersion = 16.0.29926.136
MinimumVisualStudioVersion = 10.0.40219.1
Project("{FAE04EC0-301F-11D3-BF4B-00C04F79EFBC}") = "Snake", "Snake\Snake.csproj", "{57001724-2F71-44D6-B6C7-74A0E10D6220}"
EndProject
Global
	GlobalSection(SolutionConfigurationPlatforms) = preSolution
		Debug|Any CPU = Debug|Any CPU
		Release|Any CPU = Release|Any CPU
	EndGlobalSection
	GlobalSection(ProjectConfigurationPlatforms) = postSolution
		{57001724-2F71-44D6-B6C7-74A0E10D6220}.Debug|Any CPU.ActiveCfg = Debug|Any CPU
		{57001724-2F71-44D6-B6C7-74A0E10D6220}.Debug|Any CPU.Build.0 = Debug|Any CPU
		{57001724-2F71-44D6-B6C7-74A0E10D6220}.Release|Any CPU.ActiveCfg = Release|Any CPU
		{57001724-2F71-44D6-B6C7-74A0E10D6220}.Release|Any CPU.Build.0 = Release|Any CPU
	EndGlobalSection
	GlobalSection(SolutionProperties) = preSolution
		HideSolutionNode = FALSE
	EndGlobalSection
	GlobalSection(ExtensibilityGlobals) = postSolution
		SolutionGuid = {34A3D370-BB22-455C-A154-E74819A77B91}
	EndGlobalSection
EndGlobal
